
Microsoft Visual Studio Solution File, Format Version 12.00
# Visual Studio Version 17
VisualStudioVersion = 17.13.35806.99 d17.13
MinimumVisualStudioVersion = 10.0.40219.1
Project("{FAE04EC0-301F-11D3-BF4B-00C04F79EFBC}") = "MetroTicketReservation.API", "MetroTicketReservation.API\MetroTicketReservation.API.csproj", "{2A9132B8-CE1A-4209-86F3-7B6FB67E7EE6}"
EndProject
Global
	GlobalSection(SolutionConfigurationPlatforms) = preSolution
		Debug|Any CPU = Debug|Any CPU
		Release|Any CPU = Release|Any CPU
	EndGlobalSection
	GlobalSection(ProjectConfigurationPlatforms) = postSolution
		{2A9132B8-CE1A-4209-86F3-7B6FB67E7EE6}.Debug|Any CPU.ActiveCfg = Debug|Any CPU
		{2A9132B8-CE1A-4209-86F3-7B6FB67E7EE6}.Debug|Any CPU.Build.0 = Debug|Any CPU
		{2A9132B8-CE1A-4209-86F3-7B6FB67E7EE6}.Release|Any CPU.ActiveCfg = Release|Any CPU
		{2A9132B8-CE1A-4209-86F3-7B6FB67E7EE6}.Release|Any CPU.Build.0 = Release|Any CPU
	EndGlobalSection
	GlobalSection(SolutionProperties) = preSolution
		HideSolutionNode = FALSE
	EndGlobalSection
	GlobalSection(ExtensibilityGlobals) = postSolution
		SolutionGuid = {95EE7959-2EA9-4528-A2BD-6FA8FD35F7DB}
	EndGlobalSection
EndGlobal
